
Microsoft Visual Studio Solution File, Format Version 12.00
Project("{FAE04EC0-301F-11D3-BF4B-00C04F79EFBC}") = "WpfApplication1", "WpfApplication1\WpfApplication1.csproj", "{F618032A-7EEB-4191-993F-F716AB997431}"
EndProject
Global
	GlobalSection(SolutionConfigurationPlatforms) = preSolution
		Debug|Any CPU = Debug|Any CPU
		Release|Any CPU = Release|Any CPU
	EndGlobalSection
	GlobalSection(ProjectConfigurationPlatforms) = postSolution
		{F618032A-7EEB-4191-993F-F716AB997431}.Debug|Any CPU.ActiveCfg = Debug|Any CPU
		{F618032A-7EEB-4191-993F-F716AB997431}.Debug|Any CPU.Build.0 = Debug|Any CPU
		{F618032A-7EEB-4191-993F-F716AB997431}.Release|Any CPU.ActiveCfg = Release|Any CPU
		{F618032A-7EEB-4191-993F-F716AB997431}.Release|Any CPU.Build.0 = Release|Any CPU
	EndGlobalSection
EndGlobal
